
Microsoft Visual Studio Solution File, Format Version 12.00
# Visual Studio 14
VisualStudioVersion = 14.0.25420.1
MinimumVisualStudioVersion = 10.0.40219.1
Project("{FAE04EC0-301F-11D3-BF4B-00C04F79EFBC}") = "CashierRegister", "CashierRegister\CashierRegister.csproj", "{A97EAC57-A288-467A-B0E1-17BCD1840DCB}"
EndProject
Project("{FAE04EC0-301F-11D3-BF4B-00C04F79EFBC}") = "CashierRegisterBUS", "CashierRegisterBUS\CashierRegisterBUS.csproj", "{05F4C20D-F7B6-4EDB-AA7E-914466EA9501}"
EndProject
Project("{FAE04EC0-301F-11D3-BF4B-00C04F79EFBC}") = "CashierRegisterDAL", "CashierRegisterDAL\CashierRegisterDAL.csproj", "{907F7062-C9AC-4072-8EFA-2CBD5CA9A7D7}"
EndProject
Project("{FAE04EC0-301F-11D3-BF4B-00C04F79EFBC}") = "CashierRegisterEntity", "CashierRegisterEntity\CashierRegisterEntity.csproj", "{852F96CD-E565-422F-AC7F-1B2B4D9E7717}"
EndProject
Global
	GlobalSection(SolutionConfigurationPlatforms) = preSolution
		CD_ROM|Any CPU = CD_ROM|Any CPU
		CD_ROM|x86 = CD_ROM|x86
		Debug|Any CPU = Debug|Any CPU
		Debug|x86 = Debug|x86
		DVD-5|Any CPU = DVD-5|Any CPU
		DVD-5|x86 = DVD-5|x86
		Release|Any CPU = Release|Any CPU
		Release|x86 = Release|x86
		SingleImage|Any CPU = SingleImage|Any CPU
		SingleImage|x86 = SingleImage|x86
	EndGlobalSection
	GlobalSection(ProjectConfigurationPlatforms) = postSolution
		{A97EAC57-A288-467A-B0E1-17BCD1840DCB}.CD_ROM|Any CPU.ActiveCfg = Release|Any CPU
		{A97EAC57-A288-467A-B0E1-17BCD1840DCB}.CD_ROM|Any CPU.Build.0 = Release|Any CPU
		{A97EAC57-A288-467A-B0E1-17BCD1840DCB}.CD_ROM|x86.ActiveCfg = Debug|Any CPU
		{A97EAC57-A288-467A-B0E1-17BCD1840DCB}.CD_ROM|x86.Build.0 = Debug|Any CPU
		{A97EAC57-A288-467A-B0E1-17BCD1840DCB}.Debug|Any CPU.ActiveCfg = Debug|Any CPU
		{A97EAC57-A288-467A-B0E1-17BCD1840DCB}.Debug|Any CPU.Build.0 = Debug|Any CPU
		{A97EAC57-A288-467A-B0E1-17BCD1840DCB}.Debug|x86.ActiveCfg = Debug|Any CPU
		{A97EAC57-A288-467A-B0E1-17BCD1840DCB}.Debug|x86.Build.0 = Debug|Any CPU
		{A97EAC57-A288-467A-B0E1-17BCD1840DCB}.DVD-5|Any CPU.ActiveCfg = Debug|Any CPU
		{A97EAC57-A288-467A-B0E1-17BCD1840DCB}.DVD-5|Any CPU.Build.0 = Debug|Any CPU
		{A97EAC57-A288-467A-B0E1-17BCD1840DCB}.DVD-5|x86.ActiveCfg = Debug|Any CPU
		{A97EAC57-A288-467A-B0E1-17BCD1840DCB}.DVD-5|x86.Build.0 = Debug|Any CPU
		{A97EAC57-A288-467A-B0E1-17BCD1840DCB}.Release|Any CPU.ActiveCfg = Release|Any CPU
		{A97EAC57-A288-467A-B0E1-17BCD1840DCB}.Release|Any CPU.Build.0 = Release|Any CPU
		{A97EAC57-A288-467A-B0E1-17BCD1840DCB}.Release|x86.ActiveCfg = Release|Any CPU
		{A97EAC57-A288-467A-B0E1-17BCD1840DCB}.Release|x86.Build.0 = Release|Any CPU
		{A97EAC57-A288-467A-B0E1-17BCD1840DCB}.SingleImage|Any CPU.ActiveCfg = Release|Any CPU
		{A97EAC57-A288-467A-B0E1-17BCD1840DCB}.SingleImage|Any CPU.Build.0 = Release|Any CPU
		{A97EAC57-A288-467A-B0E1-17BCD1840DCB}.SingleImage|x86.ActiveCfg = Debug|Any CPU
		{A97EAC57-A288-467A-B0E1-17BCD1840DCB}.SingleImage|x86.Build.0 = Debug|Any CPU
		{05F4C20D-F7B6-4EDB-AA7E-914466EA9501}.CD_ROM|Any CPU.ActiveCfg = Release|Any CPU
		{05F4C20D-F7B6-4EDB-AA7E-914466EA9501}.CD_ROM|Any CPU.Build.0 = Release|Any CPU
		{05F4C20D-F7B6-4EDB-AA7E-914466EA9501}.CD_ROM|x86.ActiveCfg = Debug|Any CPU
		{05F4C20D-F7B6-4EDB-AA7E-914466EA9501}.CD_ROM|x86.Build.0 = Debug|Any CPU
		{05F4C20D-F7B6-4EDB-AA7E-914466EA9501}.Debug|Any CPU.ActiveCfg = Debug|Any CPU
		{05F4C20D-F7B6-4EDB-AA7E-914466EA9501}.Debug|Any CPU.Build.0 = Debug|Any CPU
		{05F4C20D-F7B6-4EDB-AA7E-914466EA9501}.Debug|x86.ActiveCfg = Debug|Any CPU
		{05F4C20D-F7B6-4EDB-AA7E-914466EA9501}.Debug|x86.Build.0 = Debug|Any CPU
		{05F4C20D-F7B6-4EDB-AA7E-914466EA9501}.DVD-5|Any CPU.ActiveCfg = Debug|Any CPU
		{05F4C20D-F7B6-4EDB-AA7E-914466EA9501}.DVD-5|Any CPU.Build.0 = Debug|Any CPU
		{05F4C20D-F7B6-4EDB-AA7E-914466EA9501}.DVD-5|x86.ActiveCfg = Debug|Any CPU
		{05F4C20D-F7B6-4EDB-AA7E-914466EA9501}.DVD-5|x86.Build.0 = Debug|Any CPU
		{05F4C20D-F7B6-4EDB-AA7E-914466EA9501}.Release|Any CPU.ActiveCfg = Release|Any CPU
		{05F4C20D-F7B6-4EDB-AA7E-914466EA9501}.Release|Any CPU.Build.0 = Release|Any CPU
		{05F4C20D-F7B6-4EDB-AA7E-914466EA9501}.Release|x86.ActiveCfg = Release|Any CPU
		{05F4C20D-F7B6-4EDB-AA7E-914466EA9501}.Release|x86.Build.0 = Release|Any CPU
		{05F4C20D-F7B6-4EDB-AA7E-914466EA9501}.SingleImage|Any CPU.ActiveCfg = Release|Any CPU
		{05F4C20D-F7B6-4EDB-AA7E-914466EA9501}.SingleImage|Any CPU.Build.0 = Release|Any CPU
		{05F4C20D-F7B6-4EDB-AA7E-914466EA9501}.SingleImage|x86.ActiveCfg = Debug|Any CPU
		{05F4C20D-F7B6-4EDB-AA7E-914466EA9501}.SingleImage|x86.Build.0 = Debug|Any CPU
		{907F7062-C9AC-4072-8EFA-2CBD5CA9A7D7}.CD_ROM|Any CPU.ActiveCfg = Release|Any CPU
		{907F7062-C9AC-4072-8EFA-2CBD5CA9A7D7}.CD_ROM|Any CPU.Build.0 = Release|Any CPU
		{907F7062-C9AC-4072-8EFA-2CBD5CA9A7D7}.CD_ROM|x86.ActiveCfg = Debug|Any CPU
		{907F7062-C9AC-4072-8EFA-2CBD5CA9A7D7}.CD_ROM|x86.Build.0 = Debug|Any CPU
		{907F7062-C9AC-4072-8EFA-2CBD5CA9A7D7}.Debug|Any CPU.ActiveCfg = Debug|Any CPU
		{907F7062-C9AC-4072-8EFA-2CBD5CA9A7D7}.Debug|Any CPU.Build.0 = Debug|Any CPU
		{907F7062-C9AC-4072-8EFA-2CBD5CA9A7D7}.Debug|x86.ActiveCfg = Debug|Any CPU
		{907F7062-C9AC-4072-8EFA-2CBD5CA9A7D7}.Debug|x86.Build.0 = Debug|Any CPU
		{907F7062-C9AC-4072-8EFA-2CBD5CA9A7D7}.DVD-5|Any CPU.ActiveCfg = Debug|Any CPU
		{907F7062-C9AC-4072-8EFA-2CBD5CA9A7D7}.DVD-5|Any CPU.Build.0 = Debug|Any CPU
		{907F7062-C9AC-4072-8EFA-2CBD5CA9A7D7}.DVD-5|x86.ActiveCfg = Debug|Any CPU
		{907F7062-C9AC-4072-8EFA-2CBD5CA9A7D7}.DVD-5|x86.Build.0 = Debug|Any CPU
		{907F7062-C9AC-4072-8EFA-2CBD5CA9A7D7}.Release|Any CPU.ActiveCfg = Release|Any CPU
		{907F7062-C9AC-4072-8EFA-2CBD5CA9A7D7}.Release|Any CPU.Build.0 = Release|Any CPU
		{907F7062-C9AC-4072-8EFA-2CBD5CA9A7D7}.Release|x86.ActiveCfg = Release|Any CPU
		{907F7062-C9AC-4072-8EFA-2CBD5CA9A7D7}.Release|x86.Build.0 = Release|Any CPU
		{907F7062-C9AC-4072-8EFA-2CBD5CA9A7D7}.SingleImage|Any CPU.ActiveCfg = Release|Any CPU
		{907F7062-C9AC-4072-8EFA-2CBD5CA9A7D7}.SingleImage|Any CPU.Build.0 = Release|Any CPU
		{907F7062-C9AC-4072-8EFA-2CBD5CA9A7D7}.SingleImage|x86.ActiveCfg = Debug|Any CPU
		{907F7062-C9AC-4072-8EFA-2CBD5CA9A7D7}.SingleImage|x86.Build.0 = Debug|Any CPU
		{852F96CD-E565-422F-AC7F-1B2B4D9E7717}.CD_ROM|Any CPU.ActiveCfg = Release|Any CPU
		{852F96CD-E565-422F-AC7F-1B2B4D9E7717}.CD_ROM|Any CPU.Build.0 = Release|Any CPU
		{852F96CD-E565-422F-AC7F-1B2B4D9E7717}.CD_ROM|x86.ActiveCfg = Debug|Any CPU
		{852F96CD-E565-422F-AC7F-1B2B4D9E7717}.CD_ROM|x86.Build.0 = Debug|Any CPU
		{852F96CD-E565-422F-AC7F-1B2B4D9E7717}.Debug|Any CPU.ActiveCfg = Debug|Any CPU
		{852F96CD-E565-422F-AC7F-1B2B4D9E7717}.Debug|Any CPU.Build.0 = Debug|Any CPU
		{852F96CD-E565-422F-AC7F-1B2B4D9E7717}.Debug|x86.ActiveCfg = Debug|Any CPU
		{852F96CD-E565-422F-AC7F-1B2B4D9E7717}.Debug|x86.Build.0 = Debug|Any CPU
		{852F96CD-E565-422F-AC7F-1B2B4D9E7717}.DVD-5|Any CPU.ActiveCfg = Debug|Any CPU
		{852F96CD-E565-422F-AC7F-1B2B4D9E7717}.DVD-5|Any CPU.Build.0 = Debug|Any CPU
		{852F96CD-E565-422F-AC7F-1B2B4D9E7717}.DVD-5|x86.ActiveCfg = Debug|Any CPU
		{852F96CD-E565-422F-AC7F-1B2B4D9E7717}.DVD-5|x86.Build.0 = Debug|Any CPU
		{852F96CD-E565-422F-AC7F-1B2B4D9E7717}.Release|Any CPU.ActiveCfg = Release|Any CPU
		{852F96CD-E565-422F-AC7F-1B2B4D9E7717}.Release|Any CPU.Build.0 = Release|Any CPU
		{852F96CD-E565-422F-AC7F-1B2B4D9E7717}.Release|x86.ActiveCfg = Release|Any CPU
		{852F96CD-E565-422F-AC7F-1B2B4D9E7717}.Release|x86.Build.0 = Release|Any CPU
		{852F96CD-E565-422F-AC7F-1B2B4D9E7717}.SingleImage|Any CPU.ActiveCfg = Release|Any CPU
		{852F96CD-E565-422F-AC7F-1B2B4D9E7717}.SingleImage|Any CPU.Build.0 = Release|Any CPU
		{852F96CD-E565-422F-AC7F-1B2B4D9E7717}.SingleImage|x86.ActiveCfg = Debug|Any CPU
		{852F96CD-E565-422F-AC7F-1B2B4D9E7717}.SingleImage|x86.Build.0 = Debug|Any CPU
	EndGlobalSection
	GlobalSection(SolutionProperties) = preSolution
		HideSolutionNode = FALSE
	EndGlobalSection
EndGlobal
